# generated by rye
# use `rye lock` or `rye sync` to update this lockfile
#
# last locked with the following flags:
#   pre: false
#   features: []
#   all-features: false

-e file:.
numpy==1.25.0 ; python_version >= "3.10" and python_version < "3.13"
packaging==23.2 ; python_version >= "3.10" and python_version < "3.13"
pandas==2.1.2 ; python_version >= "3.10" and python_version < "3.13"
python-dateutil==2.8.2 ; python_version >= "3.10" and python_version < "3.13"
pytz==2023.3.post1 ; python_version >= "3.10" and python_version < "3.13"
six==1.16.0 ; python_version >= "3.10" and python_version < "3.13"
tzdata==2023.3 ; python_version >= "3.10" and python_version < "3.13"
